github.com/gddisney/ultimate_db v1.0.5 h1:rzpcqc8Qk8JzcTIUM2AjZ+NQwPRZz7DvZ55g0C48OE4=
github.com/gddisney/ultimate_db v1.0.5/go.mod h1:yDGa+1Vtx/uJhQJ68AnbsONu1mpP4nXe8DERJdTGNFA=
github.com/gddisney/ultimate_db v1.1.0 h1:mwaxINpCqjxnhj8MpLcrKacCh6al+evoBof/hcMhJwA=
github.com/gddisney/ultimate_db v1.1.0/go.mod h1:yDGa+1Vtx/uJhQJ68AnbsONu1mpP4nXe8DERJdTGNFA=
github.com/gorilla/websocket v1.5.3 h1:saDtZ6Pbx/0u+bgYQ3q96pZgCzfhKXGPqt7kZ72aNNg=
github.com/gorilla/websocket v1.5.3/go.mod h1:YR8l580nyteQvAITg2hZ9XVh4b55+EU/adAjf1fMHhE=
